{
  "version": 4,
  "terraform_version": "1.1.6",
  "serial": 8,
  "lineage": "c2bd343b-c1a9-de0b-bc80-221762b07f6b",
  "outputs": {},
  "resources": [
    {
      "module": "module.module_count",
      "mode": "data",
      "type": "aws_subnet",
      "name": "public",
      "provider": "module.module_count.provider[\"registry.terraform.io/hashicorp/aws\"]",
      "instances": [
        {
          "index_key": "subnet-028d0afc16e1d89a5",
          "schema_version": 0,
          "attributes": {
            "arn": "arn:aws:ec2:us-east-1:992382506084:subnet/subnet-028d0afc16e1d89a5",
            "assign_ipv6_address_on_creation": false,
            "availability_zone": "us-east-1f",
            "availability_zone_id": "use1-az5",
            "available_ip_address_count": 1017,
            "cidr_block": "9.0.24.0/22",
            "customer_owned_ipv4_pool": "",
            "default_for_az": false,
            "enable_dns64": false,
            "enable_lni_at_device_index": 0,
            "enable_resource_name_dns_a_record_on_launch": false,
            "enable_resource_name_dns_aaaa_record_on_launch": false,
            "filter": null,
            "id": "subnet-028d0afc16e1d89a5",
            "ipv6_cidr_block": "",
            "ipv6_cidr_block_association_id": "",
            "ipv6_native": false,
            "map_customer_owned_ip_on_launch": false,
            "map_public_ip_on_launch": true,
            "outpost_arn": "",
            "owner_id": "992382506084",
            "private_dns_hostname_type_on_launch": "ip-name",
            "state": "available",
            "tags": {
              "Name": "fiap-lab_public_igw_us-east-1f",
              "Tier": "Public",
              "env": "prod"
            },
            "timeouts": null,
            "vpc_id": "vpc-06c0d214b667ecc8f"
          },
          "sensitive_attributes": []
        },
        {
          "index_key": "subnet-035420669b45edd83",
          "schema_version": 0,
          "attributes": {
            "arn": "arn:aws:ec2:us-east-1:992382506084:subnet/subnet-035420669b45edd83",
            "assign_ipv6_address_on_creation": false,
            "availability_zone": "us-east-1a",
            "availability_zone_id": "use1-az2",
            "available_ip_address_count": 1019,
            "cidr_block": "9.0.4.0/22",
            "customer_owned_ipv4_pool": "",
            "default_for_az": false,
            "enable_dns64": false,
            "enable_lni_at_device_index": 0,
            "enable_resource_name_dns_a_record_on_launch": false,
            "enable_resource_name_dns_aaaa_record_on_launch": false,
            "filter": null,
            "id": "subnet-035420669b45edd83",
            "ipv6_cidr_block": "",
            "ipv6_cidr_block_association_id": "",
            "ipv6_native": false,
            "map_customer_owned_ip_on_launch": false,
            "map_public_ip_on_launch": true,
            "outpost_arn": "",
            "owner_id": "992382506084",
            "private_dns_hostname_type_on_launch": "ip-name",
            "state": "available",
            "tags": {
              "Name": "fiap-lab_public_igw_us-east-1a",
              "Tier": "Public",
              "env": "prod"
            },
            "timeouts": null,
            "vpc_id": "vpc-06c0d214b667ecc8f"
          },
          "sensitive_attributes": []
        },
        {
          "index_key": "subnet-037dd74695ca8b58d",
          "schema_version": 0,
          "attributes": {
            "arn": "arn:aws:ec2:us-east-1:992382506084:subnet/subnet-037dd74695ca8b58d",
            "assign_ipv6_address_on_creation": false,
            "availability_zone": "us-east-1b",
            "availability_zone_id": "use1-az4",
            "available_ip_address_count": 1017,
            "cidr_block": "9.0.8.0/22",
            "customer_owned_ipv4_pool": "",
            "default_for_az": false,
            "enable_dns64": false,
            "enable_lni_at_device_index": 0,
            "enable_resource_name_dns_a_record_on_launch": false,
            "enable_resource_name_dns_aaaa_record_on_launch": false,
            "filter": null,
            "id": "subnet-037dd74695ca8b58d",
            "ipv6_cidr_block": "",
            "ipv6_cidr_block_association_id": "",
            "ipv6_native": false,
            "map_customer_owned_ip_on_launch": false,
            "map_public_ip_on_launch": true,
            "outpost_arn": "",
            "owner_id": "992382506084",
            "private_dns_hostname_type_on_launch": "ip-name",
            "state": "available",
            "tags": {
              "Name": "fiap-lab_public_igw_us-east-1b",
              "Tier": "Public",
              "env": "prod"
            },
            "timeouts": null,
            "vpc_id": "vpc-06c0d214b667ecc8f"
          },
          "sensitive_attributes": []
        },
        {
          "index_key": "subnet-05d9e2488dc624769",
          "schema_version": 0,
          "attributes": {
            "arn": "arn:aws:ec2:us-east-1:992382506084:subnet/subnet-05d9e2488dc624769",
            "assign_ipv6_address_on_creation": false,
            "availability_zone": "us-east-1d",
            "availability_zone_id": "use1-az1",
            "available_ip_address_count": 1015,
            "cidr_block": "9.0.16.0/22",
            "customer_owned_ipv4_pool": "",
            "default_for_az": false,
            "enable_dns64": false,
            "enable_lni_at_device_index": 0,
            "enable_resource_name_dns_a_record_on_launch": false,
            "enable_resource_name_dns_aaaa_record_on_launch": false,
            "filter": null,
            "id": "subnet-05d9e2488dc624769",
            "ipv6_cidr_block": "",
            "ipv6_cidr_block_association_id": "",
            "ipv6_native": false,
            "map_customer_owned_ip_on_launch": false,
            "map_public_ip_on_launch": true,
            "outpost_arn": "",
            "owner_id": "992382506084",
            "private_dns_hostname_type_on_launch": "ip-name",
            "state": "available",
            "tags": {
              "Name": "fiap-lab_public_igw_us-east-1d",
              "Tier": "Public",
              "env": "prod"
            },
            "timeouts": null,
            "vpc_id": "vpc-06c0d214b667ecc8f"
          },
          "sensitive_attributes": []
        },
        {
          "index_key": "subnet-0b99b79063203aa6b",
          "schema_version": 0,
          "attributes": {
            "arn": "arn:aws:ec2:us-east-1:992382506084:subnet/subnet-0b99b79063203aa6b",
            "assign_ipv6_address_on_creation": false,
            "availability_zone": "us-east-1e",
            "availability_zone_id": "use1-az3",
            "available_ip_address_count": 1019,
            "cidr_block": "9.0.20.0/22",
            "customer_owned_ipv4_pool": "",
            "default_for_az": false,
            "enable_dns64": false,
            "enable_lni_at_device_index": 0,
            "enable_resource_name_dns_a_record_on_launch": false,
            "enable_resource_name_dns_aaaa_record_on_launch": false,
            "filter": null,
            "id": "subnet-0b99b79063203aa6b",
            "ipv6_cidr_block": "",
            "ipv6_cidr_block_association_id": "",
            "ipv6_native": false,
            "map_customer_owned_ip_on_launch": false,
            "map_public_ip_on_launch": true,
            "outpost_arn": "",
            "owner_id": "992382506084",
            "private_dns_hostname_type_on_launch": "ip-name",
            "state": "available",
            "tags": {
              "Name": "fiap-lab_public_igw_us-east-1e",
              "Tier": "Public",
              "env": "prod"
            },
            "timeouts": null,
            "vpc_id": "vpc-06c0d214b667ecc8f"
          },
          "sensitive_attributes": []
        },
        {
          "index_key": "subnet-0d9489d78ac307e50",
          "schema_version": 0,
          "attributes": {
            "arn": "arn:aws:ec2:us-east-1:992382506084:subnet/subnet-0d9489d78ac307e50",
            "assign_ipv6_address_on_creation": false,
            "availability_zone": "us-east-1c",
            "availability_zone_id": "use1-az6",
            "available_ip_address_count": 1019,
            "cidr_block": "9.0.12.0/22",
            "customer_owned_ipv4_pool": "",
            "default_for_az": false,
            "enable_dns64": false,
            "enable_lni_at_device_index": 0,
            "enable_resource_name_dns_a_record_on_launch": false,
            "enable_resource_name_dns_aaaa_record_on_launch": false,
            "filter": null,
            "id": "subnet-0d9489d78ac307e50",
            "ipv6_cidr_block": "",
            "ipv6_cidr_block_association_id": "",
            "ipv6_native": false,
            "map_customer_owned_ip_on_launch": false,
            "map_public_ip_on_launch": true,
            "outpost_arn": "",
            "owner_id": "992382506084",
            "private_dns_hostname_type_on_launch": "ip-name",
            "state": "available",
            "tags": {
              "Name": "fiap-lab_public_igw_us-east-1c",
              "Tier": "Public",
              "env": "prod"
            },
            "timeouts": null,
            "vpc_id": "vpc-06c0d214b667ecc8f"
          },
          "sensitive_attributes": []
        }
      ]
    },
    {
      "module": "module.module_count",
      "mode": "data",
      "type": "aws_subnets",
      "name": "all",
      "provider": "module.module_count.provider[\"registry.terraform.io/hashicorp/aws\"]",
      "instances": [
        {
          "schema_version": 0,
          "attributes": {
            "filter": [
              {
                "name": "tag:Tier",
                "values": [
                  "Public"
                ]
              },
              {
                "name": "vpc-id",
                "values": [
                  "vpc-06c0d214b667ecc8f"
                ]
              }
            ],
            "id": "us-east-1",
            "ids": [
              "subnet-05d9e2488dc624769",
              "subnet-0b99b79063203aa6b",
              "subnet-035420669b45edd83",
              "subnet-0d9489d78ac307e50",
              "subnet-037dd74695ca8b58d",
              "subnet-028d0afc16e1d89a5"
            ],
            "tags": null,
            "timeouts": null
          },
          "sensitive_attributes": []
        }
      ]
    },
    {
      "module": "module.module_count",
      "mode": "data",
      "type": "aws_vpc",
      "name": "vpc",
      "provider": "module.module_count.provider[\"registry.terraform.io/hashicorp/aws\"]",
      "instances": [
        {
          "schema_version": 0,
          "attributes": {
            "arn": "arn:aws:ec2:us-east-1:992382506084:vpc/vpc-06c0d214b667ecc8f",
            "cidr_block": "9.0.0.0/16",
            "cidr_block_associations": [
              {
                "association_id": "vpc-cidr-assoc-0a43331714b46af17",
                "cidr_block": "9.0.0.0/16",
                "state": "associated"
              }
            ],
            "default": false,
            "dhcp_options_id": "dopt-004e0c28fe9cfd7ed",
            "enable_dns_hostnames": true,
            "enable_dns_support": true,
            "enable_network_address_usage_metrics": false,
            "filter": null,
            "id": "vpc-06c0d214b667ecc8f",
            "instance_tenancy": "default",
            "ipv6_association_id": "",
            "ipv6_cidr_block": "",
            "main_route_table_id": "rtb-0a44a141e83bc323e",
            "owner_id": "992382506084",
            "state": null,
            "tags": {
              "Name": "fiap-lab",
              "env": "prod"
            },
            "timeouts": null
          },
          "sensitive_attributes": []
        }
      ]
    },
    {
      "module": "module.module_count",
      "mode": "managed",
      "type": "aws_elb",
      "name": "web",
      "provider": "module.module_count.provider[\"registry.terraform.io/hashicorp/aws\"]",
      "instances": [
        {
          "schema_version": 0,
          "attributes": {
            "access_logs": [],
            "arn": "arn:aws:elasticloadbalancing:us-east-1:992382506084:loadbalancer/terraform-example-elb-dev",
            "availability_zones": [
              "us-east-1a",
              "us-east-1b",
              "us-east-1c",
              "us-east-1d",
              "us-east-1e",
              "us-east-1f"
            ],
            "connection_draining": false,
            "connection_draining_timeout": 300,
            "cross_zone_load_balancing": true,
            "desync_mitigation_mode": "defensive",
            "dns_name": "terraform-example-elb-dev-1469472738.us-east-1.elb.amazonaws.com",
            "health_check": [
              {
                "healthy_threshold": 2,
                "interval": 6,
                "target": "HTTP:80/",
                "timeout": 3,
                "unhealthy_threshold": 2
              }
            ],
            "id": "terraform-example-elb-dev",
            "idle_timeout": 60,
            "instances": [
              "i-0debc66dc83feb9b4"
            ],
            "internal": false,
            "listener": [
              {
                "instance_port": 80,
                "instance_protocol": "http",
                "lb_port": 80,
                "lb_protocol": "http",
                "ssl_certificate_id": ""
              }
            ],
            "name": "terraform-example-elb-dev",
            "name_prefix": "",
            "security_groups": [
              "sg-02b2f3dad44c1d544"
            ],
            "source_security_group": "992382506084/allow-ssh-dev",
            "source_security_group_id": "sg-02b2f3dad44c1d544",
            "subnets": [
              "subnet-028d0afc16e1d89a5",
              "subnet-035420669b45edd83",
              "subnet-037dd74695ca8b58d",
              "subnet-05d9e2488dc624769",
              "subnet-0b99b79063203aa6b",
              "subnet-0d9489d78ac307e50"
            ],
            "tags": {},
            "tags_all": {},
            "timeouts": null,
            "zone_id": "Z35SXDOTRQ7X7K"
          },
          "sensitive_attributes": [],
          "private": "eyJlMmJmYjczMC1lY2FhLTExZTYtOGY4OC0zNDM2M2JjN2M0YzAiOnsiY3JlYXRlIjozMDAwMDAwMDAwMDAsInVwZGF0ZSI6MzAwMDAwMDAwMDAwfX0=",
          "dependencies": [
            "module.module_count.aws_instance.web",
            "module.module_count.aws_security_group.allow-ssh",
            "module.module_count.data.aws_subnet.public",
            "module.module_count.data.aws_subnets.all",
            "module.module_count.data.aws_vpc.vpc",
            "module.module_count.random_shuffle.random_subnet"
          ]
        }
      ]
    },
    {
      "module": "module.module_count",
      "mode": "managed",
      "type": "aws_instance",
      "name": "web",
      "provider": "module.module_count.provider[\"registry.terraform.io/hashicorp/aws\"]",
      "instances": [
        {
          "index_key": 0,
          "schema_version": 1,
          "attributes": {
            "ami": "ami-087c17d1fe0178315",
            "arn": "arn:aws:ec2:us-east-1:992382506084:instance/i-0debc66dc83feb9b4",
            "associate_public_ip_address": true,
            "availability_zone": "us-east-1f",
            "capacity_reservation_specification": [
              {
                "capacity_reservation_preference": "open",
                "capacity_reservation_target": []
              }
            ],
            "cpu_core_count": 1,
            "cpu_options": [
              {
                "amd_sev_snp": "",
                "core_count": 1,
                "threads_per_core": 2
              }
            ],
            "cpu_threads_per_core": 2,
            "credit_specification": [
              {
                "cpu_credits": "unlimited"
              }
            ],
            "disable_api_stop": false,
            "disable_api_termination": false,
            "ebs_block_device": [],
            "ebs_optimized": false,
            "enclave_options": [
              {
                "enabled": false
              }
            ],
            "ephemeral_block_device": [],
            "get_password_data": false,
            "hibernation": false,
            "host_id": "",
            "host_resource_group_arn": null,
            "iam_instance_profile": "",
            "id": "i-0debc66dc83feb9b4",
            "instance_initiated_shutdown_behavior": "stop",
            "instance_lifecycle": "",
            "instance_market_options": [],
            "instance_state": "running",
            "instance_type": "t3.micro",
            "ipv6_address_count": 0,
            "ipv6_addresses": [],
            "key_name": "vockey",
            "launch_template": [],
            "maintenance_options": [
              {
                "auto_recovery": "default"
              }
            ],
            "metadata_options": [
              {
                "http_endpoint": "enabled",
                "http_protocol_ipv6": "disabled",
                "http_put_response_hop_limit": 1,
                "http_tokens": "optional",
                "instance_metadata_tags": "disabled"
              }
            ],
            "monitoring": false,
            "network_interface": [],
            "outpost_arn": "",
            "password_data": "",
            "placement_group": "",
            "placement_partition_number": 0,
            "primary_network_interface_id": "eni-0ccc0035c075b92e1",
            "private_dns": "ip-9-0-25-120.ec2.internal",
            "private_dns_name_options": [
              {
                "enable_resource_name_dns_a_record": false,
                "enable_resource_name_dns_aaaa_record": false,
                "hostname_type": "ip-name"
              }
            ],
            "private_ip": "9.0.25.120",
            "public_dns": "ec2-44-221-87-160.compute-1.amazonaws.com",
            "public_ip": "44.221.87.160",
            "root_block_device": [
              {
                "delete_on_termination": true,
                "device_name": "/dev/xvda",
                "encrypted": false,
                "iops": 100,
                "kms_key_id": "",
                "tags": {},
                "tags_all": {},
                "throughput": 0,
                "volume_id": "vol-09d4f3a797e8b52af",
                "volume_size": 8,
                "volume_type": "gp2"
              }
            ],
            "secondary_private_ips": [],
            "security_groups": [],
            "source_dest_check": true,
            "spot_instance_request_id": "",
            "subnet_id": "subnet-028d0afc16e1d89a5",
            "tags": {
              "Name": "nginx-001-dev"
            },
            "tags_all": {
              "Name": "nginx-001-dev"
            },
            "tenancy": "default",
            "timeouts": null,
            "user_data": null,
            "user_data_base64": null,
            "user_data_replace_on_change": false,
            "volume_tags": null,
            "vpc_security_group_ids": [
              "sg-02b2f3dad44c1d544"
            ]
          },
          "sensitive_attributes": [],
          "private": "eyJlMmJmYjczMC1lY2FhLTExZTYtOGY4OC0zNDM2M2JjN2M0YzAiOnsiY3JlYXRlIjo2MDAwMDAwMDAwMDAsImRlbGV0ZSI6MTIwMDAwMDAwMDAwMCwicmVhZCI6OTAwMDAwMDAwMDAwLCJ1cGRhdGUiOjYwMDAwMDAwMDAwMH0sInNjaGVtYV92ZXJzaW9uIjoiMSJ9",
          "dependencies": [
            "module.module_count.aws_security_group.allow-ssh",
            "module.module_count.data.aws_subnet.public",
            "module.module_count.data.aws_subnets.all",
            "module.module_count.data.aws_vpc.vpc",
            "module.module_count.random_shuffle.random_subnet"
          ]
        }
      ]
    },
    {
      "module": "module.module_count",
      "mode": "managed",
      "type": "aws_security_group",
      "name": "allow-ssh",
      "provider": "module.module_count.provider[\"registry.terraform.io/hashicorp/aws\"]",
      "instances": [
        {
          "schema_version": 1,
          "attributes": {
            "arn": "arn:aws:ec2:us-east-1:992382506084:security-group/sg-02b2f3dad44c1d544",
            "description": "Managed by Terraform",
            "egress": [
              {
                "cidr_blocks": [
                  "0.0.0.0/0"
                ],
                "description": "",
                "from_port": 0,
                "ipv6_cidr_blocks": [],
                "prefix_list_ids": [],
                "protocol": "-1",
                "security_groups": [],
                "self": false,
                "to_port": 0
              }
            ],
            "id": "sg-02b2f3dad44c1d544",
            "ingress": [
              {
                "cidr_blocks": [
                  "0.0.0.0/0"
                ],
                "description": "",
                "from_port": 22,
                "ipv6_cidr_blocks": [],
                "prefix_list_ids": [],
                "protocol": "tcp",
                "security_groups": [],
                "self": false,
                "to_port": 22
              },
              {
                "cidr_blocks": [
                  "0.0.0.0/0"
                ],
                "description": "",
                "from_port": 80,
                "ipv6_cidr_blocks": [],
                "prefix_list_ids": [],
                "protocol": "tcp",
                "security_groups": [],
                "self": false,
                "to_port": 80
              }
            ],
            "name": "allow-ssh-dev",
            "name_prefix": "",
            "owner_id": "992382506084",
            "revoke_rules_on_delete": false,
            "tags": {
              "Name": "allow-ssh-dev"
            },
            "tags_all": {
              "Name": "allow-ssh-dev"
            },
            "timeouts": null,
            "vpc_id": "vpc-06c0d214b667ecc8f"
          },
          "sensitive_attributes": [],
          "private": "eyJlMmJmYjczMC1lY2FhLTExZTYtOGY4OC0zNDM2M2JjN2M0YzAiOnsiY3JlYXRlIjo2MDAwMDAwMDAwMDAsImRlbGV0ZSI6OTAwMDAwMDAwMDAwfSwic2NoZW1hX3ZlcnNpb24iOiIxIn0=",
          "dependencies": [
            "module.module_count.data.aws_vpc.vpc"
          ]
        }
      ]
    },
    {
      "module": "module.module_count",
      "mode": "managed",
      "type": "random_shuffle",
      "name": "random_subnet",
      "provider": "provider[\"registry.terraform.io/hashicorp/random\"]",
      "instances": [
        {
          "schema_version": 0,
          "attributes": {
            "id": "-",
            "input": [
              "subnet-028d0afc16e1d89a5",
              "subnet-035420669b45edd83",
              "subnet-037dd74695ca8b58d",
              "subnet-05d9e2488dc624769",
              "subnet-0b99b79063203aa6b",
              "subnet-0d9489d78ac307e50"
            ],
            "keepers": null,
            "result": [
              "subnet-028d0afc16e1d89a5"
            ],
            "result_count": 1,
            "seed": null
          },
          "sensitive_attributes": [],
          "dependencies": [
            "module.module_count.data.aws_subnet.public",
            "module.module_count.data.aws_subnets.all",
            "module.module_count.data.aws_vpc.vpc"
          ]
        }
      ]
    }
  ]
}
